
Microsoft Visual Studio Solution File, Format Version 12.00
# Visual Studio Version 16
VisualStudioVersion = 16.0.31229.75
MinimumVisualStudioVersion = 10.0.40219.1
Project("{9A19103F-16F7-4668-BE54-9A1E7A4F7556}") = "Adope1DevCore.ASP", "Adope1DevCore.ASP\Adope1DevCore.ASP.csproj", "{49953A45-9576-4123-B4FF-70CC0E9E2727}"
EndProject
Project("{FAE04EC0-301F-11D3-BF4B-00C04F79EFBC}") = "Adop1DevCore.DAL", "Adop1DevCore.DAL\Adop1DevCore.DAL.csproj", "{861AD75D-2274-433A-BCCE-A6F36764F724}"
EndProject
Global
	GlobalSection(SolutionConfigurationPlatforms) = preSolution
		Debug|Any CPU = Debug|Any CPU
		Release|Any CPU = Release|Any CPU
	EndGlobalSection
	GlobalSection(ProjectConfigurationPlatforms) = postSolution
		{49953A45-9576-4123-B4FF-70CC0E9E2727}.Debug|Any CPU.ActiveCfg = Debug|Any CPU
		{49953A45-9576-4123-B4FF-70CC0E9E2727}.Debug|Any CPU.Build.0 = Debug|Any CPU
		{49953A45-9576-4123-B4FF-70CC0E9E2727}.Release|Any CPU.ActiveCfg = Release|Any CPU
		{49953A45-9576-4123-B4FF-70CC0E9E2727}.Release|Any CPU.Build.0 = Release|Any CPU
		{861AD75D-2274-433A-BCCE-A6F36764F724}.Debug|Any CPU.ActiveCfg = Debug|Any CPU
		{861AD75D-2274-433A-BCCE-A6F36764F724}.Debug|Any CPU.Build.0 = Debug|Any CPU
		{861AD75D-2274-433A-BCCE-A6F36764F724}.Release|Any CPU.ActiveCfg = Release|Any CPU
		{861AD75D-2274-433A-BCCE-A6F36764F724}.Release|Any CPU.Build.0 = Release|Any CPU
	EndGlobalSection
	GlobalSection(SolutionProperties) = preSolution
		HideSolutionNode = FALSE
	EndGlobalSection
	GlobalSection(ExtensibilityGlobals) = postSolution
		SolutionGuid = {F0F6E46C-F880-4987-A5D1-B34BB5D3EBE6}
	EndGlobalSection
EndGlobal
